Microsoft Visual Studio Solution File, Format Version 12.00
# Visual Studio Version 17
VisualStudioVersion = 17.5.2.0
MinimumVisualStudioVersion = 10.0.40219.1
Project("{2150E333-8FDC-42A3-9474-1A3956D46DE8}") = "src", "src", "{827E0CD3-B72D-47B6-A68D-7590B98EB39B}"
EndProject
Project("{FAE04EC0-301F-11D3-BF4B-00C04F79EFBC}") = "MagicTree.Framework.RateLimit.UnitTest", "src\MagicTree.Framework.RateLimit.UnitTest\MagicTree.Framework.RateLimit.UnitTest.csproj", "{2DBBA1B9-97DF-7ACE-8764-F1641E5D6FEF}"
EndProject
Project("{FAE04EC0-301F-11D3-BF4B-00C04F79EFBC}") = "MagicTree.Framework.ShareAppHost", "src\MagicTree.Framework.ShareAppHost\MagicTree.Framework.ShareAppHost.csproj", "{4370BF4B-C4C7-7E47-EB05-28A6EDB00426}"
EndProject
Project("{2150E333-8FDC-42A3-9474-1A3956D46DE8}") = "MagicTree.Framework.ShareAppHost (1)", "MagicTree.Framework.ShareAppHost (1)", "{9601146F-4C65-CE4C-7942-DFFD24D0AB57}"
EndProject
Project("{FAE04EC0-301F-11D3-BF4B-00C04F79EFBC}") = "MagicTree.Framework.ShareKey", "src\MagicTree.Framework.ShareAppHost\MagicTree.Framework.ShareKey.csproj", "{ABDD3C17-4F78-AF5B-E701-35CFE61ED916}"
EndProject
Project("{FAE04EC0-301F-11D3-BF4B-00C04F79EFBC}") = "MagicTree.Framework.HybridCache", "src\MagicTree.Framework.HybridCache\MagicTree.Framework.HybridCache.csproj", "{FA4CBDAC-DE69-D590-9646-3B64AA21ED51}"
EndProject
Project("{FAE04EC0-301F-11D3-BF4B-00C04F79EFBC}") = "MagicTree.Framework.CodeGenerator.UnitTest", "src\MagicTree.Framework.CodeGenerator.UnitTest\MagicTree.Framework.CodeGenerator.UnitTest.csproj", "{C9B2B63E-B27B-540C-DB0F-2C01EF4BC38F}"
EndProject
Project("{FAE04EC0-301F-11D3-BF4B-00C04F79EFBC}") = "MagicTree.Framework.Configs", "src\MagicTree.Framework.Configs\MagicTree.Framework.Configs.csproj", "{CF31B8A0-4394-6096-7FCB-B74DF230B999}"
EndProject
Project("{FAE04EC0-301F-11D3-BF4B-00C04F79EFBC}") = "MagicTree.Framework.Middlewares.UnitTest", "src\MagicTree.Framework.Middlewares.UnitTest\MagicTree.Framework.Middlewares.UnitTest.csproj", "{1038D1FE-A8C6-3281-9A0D-4E8C36DA1560}"
EndProject
Project("{FAE04EC0-301F-11D3-BF4B-00C04F79EFBC}") = "MagicTree.Framework.Idempotency", "src\MagicTree.Framework.Idempotency\MagicTree.Framework.Idempotency.csproj", "{1B42825A-94AD-6191-6D63-B6A641A8763B}"
EndProject
Project("{FAE04EC0-301F-11D3-BF4B-00C04F79EFBC}") = "MagicTree.Framework.Middlewares", "src\MagicTree.Framework.Middlewares\MagicTree.Framework.Middlewares.csproj", "{DA31FA75-A32D-71E9-9C73-222970BA382B}"
EndProject
Project("{FAE04EC0-301F-11D3-BF4B-00C04F79EFBC}") = "MagicTree.Framework.RabbitMQ", "src\MagicTree.Framework.RabbitMQ\MagicTree.Framework.RabbitMQ.csproj", "{EFE8CE50-E825-DA53-D32D-51ED34AF9E2B}"
EndProject
Project("{FAE04EC0-301F-11D3-BF4B-00C04F79EFBC}") = "MagicTree.Framework.Command", "src\MagicTree.Framework.Command\MagicTree.Framework.Command.csproj", "{7DB7756F-923B-7A56-7C87-46BF0A3D04D6}"
EndProject
Project("{FAE04EC0-301F-11D3-BF4B-00C04F79EFBC}") = "MagicTree.Framework.Entity", "src\MagicTree.Framework.Entity\MagicTree.Framework.Entity.csproj", "{A09893BE-6AB2-A72D-9224-E195655FA48A}"
EndProject
Project("{FAE04EC0-301F-11D3-BF4B-00C04F79EFBC}") = "MagicTree.Framework.Email", "src\MagicTree.Framework.Email\MagicTree.Framework.Email.csproj", "{4F421792-C945-8DC5-D09D-1A8B40E2859D}"
EndProject
Project("{FAE04EC0-301F-11D3-BF4B-00C04F79EFBC}") = "MagicTree.Framework.RateLimit", "src\MagicTree.Framework.RateLimit\MagicTree.Framework.RateLimit.csproj", "{60D889BF-D4CD-521E-40FD-9AF527164792}"
EndProject
Project("{FAE04EC0-301F-11D3-BF4B-00C04F79EFBC}") = "MagicTree.Framework.Extensions", "src\MagicTree.Framework.Extensions\MagicTree.Framework.Extensions.csproj", "{B3EFD8A5-B9EF-2DE5-DB12-1176DDF2843F}"
EndProject
Project("{FAE04EC0-301F-11D3-BF4B-00C04F79EFBC}") = "MagicTree.Framework.Share", "src\MagicTree.Framework.Share\MagicTree.Framework.Share.csproj", "{74BB8DC7-9814-9867-FC24-8D8809EB9225}"
EndProject
Project("{FAE04EC0-301F-11D3-BF4B-00C04F79EFBC}") = "MagicTree.Framework.Configs.UnitTest", "src\MagicTree.Framework.Configs.UnitTest\MagicTree.Framework.Configs.UnitTest.csproj", "{B302AD56-953B-EA60-9371-15C3D8F2DD75}"
EndProject
Project("{FAE04EC0-301F-11D3-BF4B-00C04F79EFBC}") = "MagicTree.Framework.Dtos", "src\MagicTree.Framework.Dtos\MagicTree.Framework.Dtos.csproj", "{BD5F250E-954F-4EB2-E1FD-6FB42FC31312}"
EndProject
Project("{FAE04EC0-301F-11D3-BF4B-00C04F79EFBC}") = "MagicTree.Framework.BlobStorage", "src\MagicTree.Framework.BlobStorage\MagicTree.Framework.BlobStorage.csproj", "{951F378B-F609-2DD9-A394-1D1C01C8FBFB}"
EndProject
Project("{FAE04EC0-301F-11D3-BF4B-00C04F79EFBC}") = "MagicTree.Framework.Exceptions", "src\MagicTree.Framework.Exceptions\MagicTree.Framework.Exceptions.csproj", "{9CC5667C-BB84-99E8-CE8F-888D5606828F}"
EndProject
Project("{FAE04EC0-301F-11D3-BF4B-00C04F79EFBC}") = "MagicTree.Framework.Hangfire", "src\MagicTree.Framework.Hangfire\MagicTree.Framework.Hangfire.csproj", "{2448BAA1-A533-4F7E-7F77-4C25C6241CC9}"
EndProject
Project("{FAE04EC0-301F-11D3-BF4B-00C04F79EFBC}") = "MagicTree.Framework.Idempotency.UnitTest", "src\MagicTree.Framework.Idempotency.UnitTest\MagicTree.Framework.Idempotency.UnitTest.csproj", "{276A097E-3FA9-0CBA-5D47-B5FA8D5ACE72}"
EndProject
Project("{FAE04EC0-301F-11D3-BF4B-00C04F79EFBC}") = "MagicTree.Framework.Metrics", "src\MagicTree.Framework.Metrics\MagicTree.Framework.Metrics.csproj", "{F9F8E552-D7CA-E984-8FE2-440CE2788181}"
EndProject
Project("{FAE04EC0-301F-11D3-BF4B-00C04F79EFBC}") = "MagicTree.Framework.Contracts", "src\MagicTree.Framework.Contracts\MagicTree.Framework.Contracts.csproj", "{8493B5C7-284F-324E-2771-DA5F2B4ECFE9}"
EndProject
Project("{FAE04EC0-301F-11D3-BF4B-00C04F79EFBC}") = "MagicTree.Framework.Dtos.UnitTest", "src\MagicTree.Framework.Dtos.UnitTest\MagicTree.Framework.Dtos.UnitTest.csproj", "{20B934D2-38CB-FD5A-4BB5-BE5978E2D1D4}"
EndProject
Project("{FAE04EC0-301F-11D3-BF4B-00C04F79EFBC}") = "MagicTree.Framework.Exceptions.UnitTest", "src\MagicTree.Framework.Exceptions.UnitTest\MagicTree.Framework.Exceptions.UnitTest.csproj", "{262F04FB-546B-F64C-6173-8BD215D7EB45}"
EndProject
Project("{FAE04EC0-301F-11D3-BF4B-00C04F79EFBC}") = "MagicTree.Framework.HybridCache.UnitTest", "src\MagicTree.Framework.HybridCache.UnitTest\MagicTree.Framework.HybridCache.UnitTest.csproj", "{72104988-8F60-A8A5-1966-E5E0504912A9}"
EndProject
Project("{FAE04EC0-301F-11D3-BF4B-00C04F79EFBC}") = "MagicTree.Framework.VideoStorage", "src\MagicTree.Framework.VideoStorage\MagicTree.Framework.VideoStorage.csproj", "{3C279786-5551-7DE3-479C-C386414190BA}"
EndProject
Project("{FAE04EC0-301F-11D3-BF4B-00C04F79EFBC}") = "MagicTree.Framework.Services", "src\MagicTree.Framework.Services\MagicTree.Framework.Services.csproj", "{18872A23-0DDA-A885-DF78-9ED93167E971}"
EndProject
Project("{FAE04EC0-301F-11D3-BF4B-00C04F79EFBC}") = "MagicTree.Framework.Hangfire.UnitTest", "src\MagicTree.Framework.Hangfire.UnitTest\MagicTree.Framework.Hangfire.UnitTest.csproj", "{344F9FE4-4EDE-E2FE-32A2-C176A61718E8}"
EndProject
Project("{FAE04EC0-301F-11D3-BF4B-00C04F79EFBC}") = "MagicTree.Framework.SignalR", "src\MagicTree.Framework.SignalR\MagicTree.Framework.SignalR.csproj", "{2E160436-9027-1043-4C22-32EB787600D2}"
EndProject
Project("{FAE04EC0-301F-11D3-BF4B-00C04F79EFBC}") = "MagicTree.Framework.Extensions.UnitTest", "src\MagicTree.Framework.Extensions.UnitTest\MagicTree.Framework.Extensions.UnitTest.csproj", "{57B068B9-D22E-99DA-8DD1-439C2D8A954D}"
EndProject
Project("{FAE04EC0-301F-11D3-BF4B-00C04F79EFBC}") = "MagicTree.Framework.CodeGenerator", "src\MagicTree.Framework.CodeGenerator\MagicTree.Framework.CodeGenerator.csproj", "{F60B51F6-CF3D-A1BA-364E-76CD4E1BF1DD}"
EndProject
Global
	GlobalSection(SolutionConfigurationPlatforms) = preSolution
		Debug|Any CPU = Debug|Any CPU
		Release|Any CPU = Release|Any CPU
	EndGlobalSection
	GlobalSection(ProjectConfigurationPlatforms) = postSolution
		{2DBBA1B9-97DF-7ACE-8764-F1641E5D6FEF}.Debug|Any CPU.ActiveCfg = Debug|Any CPU
		{2DBBA1B9-97DF-7ACE-8764-F1641E5D6FEF}.Debug|Any CPU.Build.0 = Debug|Any CPU
		{2DBBA1B9-97DF-7ACE-8764-F1641E5D6FEF}.Release|Any CPU.ActiveCfg = Release|Any CPU
		{2DBBA1B9-97DF-7ACE-8764-F1641E5D6FEF}.Release|Any CPU.Build.0 = Release|Any CPU
		{4370BF4B-C4C7-7E47-EB05-28A6EDB00426}.Debug|Any CPU.ActiveCfg = Debug|Any CPU
		{4370BF4B-C4C7-7E47-EB05-28A6EDB00426}.Debug|Any CPU.Build.0 = Debug|Any CPU
		{4370BF4B-C4C7-7E47-EB05-28A6EDB00426}.Release|Any CPU.ActiveCfg = Release|Any CPU
		{4370BF4B-C4C7-7E47-EB05-28A6EDB00426}.Release|Any CPU.Build.0 = Release|Any CPU
		{ABDD3C17-4F78-AF5B-E701-35CFE61ED916}.Debug|Any CPU.ActiveCfg = Debug|Any CPU
		{ABDD3C17-4F78-AF5B-E701-35CFE61ED916}.Debug|Any CPU.Build.0 = Debug|Any CPU
		{ABDD3C17-4F78-AF5B-E701-35CFE61ED916}.Release|Any CPU.ActiveCfg = Release|Any CPU
		{ABDD3C17-4F78-AF5B-E701-35CFE61ED916}.Release|Any CPU.Build.0 = Release|Any CPU
		{FA4CBDAC-DE69-D590-9646-3B64AA21ED51}.Debug|Any CPU.ActiveCfg = Debug|Any CPU
		{FA4CBDAC-DE69-D590-9646-3B64AA21ED51}.Debug|Any CPU.Build.0 = Debug|Any CPU
		{FA4CBDAC-DE69-D590-9646-3B64AA21ED51}.Release|Any CPU.ActiveCfg = Release|Any CPU
		{FA4CBDAC-DE69-D590-9646-3B64AA21ED51}.Release|Any CPU.Build.0 = Release|Any CPU
		{C9B2B63E-B27B-540C-DB0F-2C01EF4BC38F}.Debug|Any CPU.ActiveCfg = Debug|Any CPU
		{C9B2B63E-B27B-540C-DB0F-2C01EF4BC38F}.Debug|Any CPU.Build.0 = Debug|Any CPU
		{C9B2B63E-B27B-540C-DB0F-2C01EF4BC38F}.Release|Any CPU.ActiveCfg = Release|Any CPU
		{C9B2B63E-B27B-540C-DB0F-2C01EF4BC38F}.Release|Any CPU.Build.0 = Release|Any CPU
		{CF31B8A0-4394-6096-7FCB-B74DF230B999}.Debug|Any CPU.ActiveCfg = Debug|Any CPU
		{CF31B8A0-4394-6096-7FCB-B74DF230B999}.Debug|Any CPU.Build.0 = Debug|Any CPU
		{CF31B8A0-4394-6096-7FCB-B74DF230B999}.Release|Any CPU.ActiveCfg = Release|Any CPU
		{CF31B8A0-4394-6096-7FCB-B74DF230B999}.Release|Any CPU.Build.0 = Release|Any CPU
		{1038D1FE-A8C6-3281-9A0D-4E8C36DA1560}.Debug|Any CPU.ActiveCfg = Debug|Any CPU
		{1038D1FE-A8C6-3281-9A0D-4E8C36DA1560}.Debug|Any CPU.Build.0 = Debug|Any CPU
		{1038D1FE-A8C6-3281-9A0D-4E8C36DA1560}.Release|Any CPU.ActiveCfg = Release|Any CPU
		{1038D1FE-A8C6-3281-9A0D-4E8C36DA1560}.Release|Any CPU.Build.0 = Release|Any CPU
		{1B42825A-94AD-6191-6D63-B6A641A8763B}.Debug|Any CPU.ActiveCfg = Debug|Any CPU
		{1B42825A-94AD-6191-6D63-B6A641A8763B}.Debug|Any CPU.Build.0 = Debug|Any CPU
		{1B42825A-94AD-6191-6D63-B6A641A8763B}.Release|Any CPU.ActiveCfg = Release|Any CPU
		{1B42825A-94AD-6191-6D63-B6A641A8763B}.Release|Any CPU.Build.0 = Release|Any CPU
		{DA31FA75-A32D-71E9-9C73-222970BA382B}.Debug|Any CPU.ActiveCfg = Debug|Any CPU
		{DA31FA75-A32D-71E9-9C73-222970BA382B}.Debug|Any CPU.Build.0 = Debug|Any CPU
		{DA31FA75-A32D-71E9-9C73-222970BA382B}.Release|Any CPU.ActiveCfg = Release|Any CPU
		{DA31FA75-A32D-71E9-9C73-222970BA382B}.Release|Any CPU.Build.0 = Release|Any CPU
		{EFE8CE50-E825-DA53-D32D-51ED34AF9E2B}.Debug|Any CPU.ActiveCfg = Debug|Any CPU
		{EFE8CE50-E825-DA53-D32D-51ED34AF9E2B}.Debug|Any CPU.Build.0 = Debug|Any CPU
		{EFE8CE50-E825-DA53-D32D-51ED34AF9E2B}.Release|Any CPU.ActiveCfg = Release|Any CPU
		{EFE8CE50-E825-DA53-D32D-51ED34AF9E2B}.Release|Any CPU.Build.0 = Release|Any CPU
		{7DB7756F-923B-7A56-7C87-46BF0A3D04D6}.Debug|Any CPU.ActiveCfg = Debug|Any CPU
		{7DB7756F-923B-7A56-7C87-46BF0A3D04D6}.Debug|Any CPU.Build.0 = Debug|Any CPU
		{7DB7756F-923B-7A56-7C87-46BF0A3D04D6}.Release|Any CPU.ActiveCfg = Release|Any CPU
		{7DB7756F-923B-7A56-7C87-46BF0A3D04D6}.Release|Any CPU.Build.0 = Release|Any CPU
		{A09893BE-6AB2-A72D-9224-E195655FA48A}.Debug|Any CPU.ActiveCfg = Debug|Any CPU
		{A09893BE-6AB2-A72D-9224-E195655FA48A}.Debug|Any CPU.Build.0 = Debug|Any CPU
		{A09893BE-6AB2-A72D-9224-E195655FA48A}.Release|Any CPU.ActiveCfg = Release|Any CPU
		{A09893BE-6AB2-A72D-9224-E195655FA48A}.Release|Any CPU.Build.0 = Release|Any CPU
		{4F421792-C945-8DC5-D09D-1A8B40E2859D}.Debug|Any CPU.ActiveCfg = Debug|Any CPU
		{4F421792-C945-8DC5-D09D-1A8B40E2859D}.Debug|Any CPU.Build.0 = Debug|Any CPU
		{4F421792-C945-8DC5-D09D-1A8B40E2859D}.Release|Any CPU.ActiveCfg = Release|Any CPU
		{4F421792-C945-8DC5-D09D-1A8B40E2859D}.Release|Any CPU.Build.0 = Release|Any CPU
		{60D889BF-D4CD-521E-40FD-9AF527164792}.Debug|Any CPU.ActiveCfg = Debug|Any CPU
		{60D889BF-D4CD-521E-40FD-9AF527164792}.Debug|Any CPU.Build.0 = Debug|Any CPU
		{60D889BF-D4CD-521E-40FD-9AF527164792}.Release|Any CPU.ActiveCfg = Release|Any CPU
		{60D889BF-D4CD-521E-40FD-9AF527164792}.Release|Any CPU.Build.0 = Release|Any CPU
		{B3EFD8A5-B9EF-2DE5-DB12-1176DDF2843F}.Debug|Any CPU.ActiveCfg = Debug|Any CPU
		{B3EFD8A5-B9EF-2DE5-DB12-1176DDF2843F}.Debug|Any CPU.Build.0 = Debug|Any CPU
		{B3EFD8A5-B9EF-2DE5-DB12-1176DDF2843F}.Release|Any CPU.ActiveCfg = Release|Any CPU
		{B3EFD8A5-B9EF-2DE5-DB12-1176DDF2843F}.Release|Any CPU.Build.0 = Release|Any CPU
		{74BB8DC7-9814-9867-FC24-8D8809EB9225}.Debug|Any CPU.ActiveCfg = Debug|Any CPU
		{74BB8DC7-9814-9867-FC24-8D8809EB9225}.Debug|Any CPU.Build.0 = Debug|Any CPU
		{74BB8DC7-9814-9867-FC24-8D8809EB9225}.Release|Any CPU.ActiveCfg = Release|Any CPU
		{74BB8DC7-9814-9867-FC24-8D8809EB9225}.Release|Any CPU.Build.0 = Release|Any CPU
		{B302AD56-953B-EA60-9371-15C3D8F2DD75}.Debug|Any CPU.ActiveCfg = Debug|Any CPU
		{B302AD56-953B-EA60-9371-15C3D8F2DD75}.Debug|Any CPU.Build.0 = Debug|Any CPU
		{B302AD56-953B-EA60-9371-15C3D8F2DD75}.Release|Any CPU.ActiveCfg = Release|Any CPU
		{B302AD56-953B-EA60-9371-15C3D8F2DD75}.Release|Any CPU.Build.0 = Release|Any CPU
		{BD5F250E-954F-4EB2-E1FD-6FB42FC31312}.Debug|Any CPU.ActiveCfg = Debug|Any CPU
		{BD5F250E-954F-4EB2-E1FD-6FB42FC31312}.Debug|Any CPU.Build.0 = Debug|Any CPU
		{BD5F250E-954F-4EB2-E1FD-6FB42FC31312}.Release|Any CPU.ActiveCfg = Release|Any CPU
		{BD5F250E-954F-4EB2-E1FD-6FB42FC31312}.Release|Any CPU.Build.0 = Release|Any CPU
		{951F378B-F609-2DD9-A394-1D1C01C8FBFB}.Debug|Any CPU.ActiveCfg = Debug|Any CPU
		{951F378B-F609-2DD9-A394-1D1C01C8FBFB}.Debug|Any CPU.Build.0 = Debug|Any CPU
		{951F378B-F609-2DD9-A394-1D1C01C8FBFB}.Release|Any CPU.ActiveCfg = Release|Any CPU
		{951F378B-F609-2DD9-A394-1D1C01C8FBFB}.Release|Any CPU.Build.0 = Release|Any CPU
		{9CC5667C-BB84-99E8-CE8F-888D5606828F}.Debug|Any CPU.ActiveCfg = Debug|Any CPU
		{9CC5667C-BB84-99E8-CE8F-888D5606828F}.Debug|Any CPU.Build.0 = Debug|Any CPU
		{9CC5667C-BB84-99E8-CE8F-888D5606828F}.Release|Any CPU.ActiveCfg = Release|Any CPU
		{9CC5667C-BB84-99E8-CE8F-888D5606828F}.Release|Any CPU.Build.0 = Release|Any CPU
		{2448BAA1-A533-4F7E-7F77-4C25C6241CC9}.Debug|Any CPU.ActiveCfg = Debug|Any CPU
		{2448BAA1-A533-4F7E-7F77-4C25C6241CC9}.Debug|Any CPU.Build.0 = Debug|Any CPU
		{2448BAA1-A533-4F7E-7F77-4C25C6241CC9}.Release|Any CPU.ActiveCfg = Release|Any CPU
		{2448BAA1-A533-4F7E-7F77-4C25C6241CC9}.Release|Any CPU.Build.0 = Release|Any CPU
		{276A097E-3FA9-0CBA-5D47-B5FA8D5ACE72}.Debug|Any CPU.ActiveCfg = Debug|Any CPU
		{276A097E-3FA9-0CBA-5D47-B5FA8D5ACE72}.Debug|Any CPU.Build.0 = Debug|Any CPU
		{276A097E-3FA9-0CBA-5D47-B5FA8D5ACE72}.Release|Any CPU.ActiveCfg = Release|Any CPU
		{276A097E-3FA9-0CBA-5D47-B5FA8D5ACE72}.Release|Any CPU.Build.0 = Release|Any CPU
		{F9F8E552-D7CA-E984-8FE2-440CE2788181}.Debug|Any CPU.ActiveCfg = Debug|Any CPU
		{F9F8E552-D7CA-E984-8FE2-440CE2788181}.Debug|Any CPU.Build.0 = Debug|Any CPU
		{F9F8E552-D7CA-E984-8FE2-440CE2788181}.Release|Any CPU.ActiveCfg = Release|Any CPU
		{F9F8E552-D7CA-E984-8FE2-440CE2788181}.Release|Any CPU.Build.0 = Release|Any CPU
		{8493B5C7-284F-324E-2771-DA5F2B4ECFE9}.Debug|Any CPU.ActiveCfg = Debug|Any CPU
		{8493B5C7-284F-324E-2771-DA5F2B4ECFE9}.Debug|Any CPU.Build.0 = Debug|Any CPU
		{8493B5C7-284F-324E-2771-DA5F2B4ECFE9}.Release|Any CPU.ActiveCfg = Release|Any CPU
		{8493B5C7-284F-324E-2771-DA5F2B4ECFE9}.Release|Any CPU.Build.0 = Release|Any CPU
		{20B934D2-38CB-FD5A-4BB5-BE5978E2D1D4}.Debug|Any CPU.ActiveCfg = Debug|Any CPU
		{20B934D2-38CB-FD5A-4BB5-BE5978E2D1D4}.Debug|Any CPU.Build.0 = Debug|Any CPU
		{20B934D2-38CB-FD5A-4BB5-BE5978E2D1D4}.Release|Any CPU.ActiveCfg = Release|Any CPU
		{20B934D2-38CB-FD5A-4BB5-BE5978E2D1D4}.Release|Any CPU.Build.0 = Release|Any CPU
		{262F04FB-546B-F64C-6173-8BD215D7EB45}.Debug|Any CPU.ActiveCfg = Debug|Any CPU
		{262F04FB-546B-F64C-6173-8BD215D7EB45}.Debug|Any CPU.Build.0 = Debug|Any CPU
		{262F04FB-546B-F64C-6173-8BD215D7EB45}.Release|Any CPU.ActiveCfg = Release|Any CPU
		{262F04FB-546B-F64C-6173-8BD215D7EB45}.Release|Any CPU.Build.0 = Release|Any CPU
		{72104988-8F60-A8A5-1966-E5E0504912A9}.Debug|Any CPU.ActiveCfg = Debug|Any CPU
		{72104988-8F60-A8A5-1966-E5E0504912A9}.Debug|Any CPU.Build.0 = Debug|Any CPU
		{72104988-8F60-A8A5-1966-E5E0504912A9}.Release|Any CPU.ActiveCfg = Release|Any CPU
		{72104988-8F60-A8A5-1966-E5E0504912A9}.Release|Any CPU.Build.0 = Release|Any CPU
		{3C279786-5551-7DE3-479C-C386414190BA}.Debug|Any CPU.ActiveCfg = Debug|Any CPU
		{3C279786-5551-7DE3-479C-C386414190BA}.Debug|Any CPU.Build.0 = Debug|Any CPU
		{3C279786-5551-7DE3-479C-C386414190BA}.Release|Any CPU.ActiveCfg = Release|Any CPU
		{3C279786-5551-7DE3-479C-C386414190BA}.Release|Any CPU.Build.0 = Release|Any CPU
		{18872A23-0DDA-A885-DF78-9ED93167E971}.Debug|Any CPU.ActiveCfg = Debug|Any CPU
		{18872A23-0DDA-A885-DF78-9ED93167E971}.Debug|Any CPU.Build.0 = Debug|Any CPU
		{18872A23-0DDA-A885-DF78-9ED93167E971}.Release|Any CPU.ActiveCfg = Release|Any CPU
		{18872A23-0DDA-A885-DF78-9ED93167E971}.Release|Any CPU.Build.0 = Release|Any CPU
		{344F9FE4-4EDE-E2FE-32A2-C176A61718E8}.Debug|Any CPU.ActiveCfg = Debug|Any CPU
		{344F9FE4-4EDE-E2FE-32A2-C176A61718E8}.Debug|Any CPU.Build.0 = Debug|Any CPU
		{344F9FE4-4EDE-E2FE-32A2-C176A61718E8}.Release|Any CPU.ActiveCfg = Release|Any CPU
		{344F9FE4-4EDE-E2FE-32A2-C176A61718E8}.Release|Any CPU.Build.0 = Release|Any CPU
		{2E160436-9027-1043-4C22-32EB787600D2}.Debug|Any CPU.ActiveCfg = Debug|Any CPU
		{2E160436-9027-1043-4C22-32EB787600D2}.Debug|Any CPU.Build.0 = Debug|Any CPU
		{2E160436-9027-1043-4C22-32EB787600D2}.Release|Any CPU.ActiveCfg = Release|Any CPU
		{2E160436-9027-1043-4C22-32EB787600D2}.Release|Any CPU.Build.0 = Release|Any CPU
		{57B068B9-D22E-99DA-8DD1-439C2D8A954D}.Debug|Any CPU.ActiveCfg = Debug|Any CPU
		{57B068B9-D22E-99DA-8DD1-439C2D8A954D}.Debug|Any CPU.Build.0 = Debug|Any CPU
		{57B068B9-D22E-99DA-8DD1-439C2D8A954D}.Release|Any CPU.ActiveCfg = Release|Any CPU
		{57B068B9-D22E-99DA-8DD1-439C2D8A954D}.Release|Any CPU.Build.0 = Release|Any CPU
		{F60B51F6-CF3D-A1BA-364E-76CD4E1BF1DD}.Debug|Any CPU.ActiveCfg = Debug|Any CPU
		{F60B51F6-CF3D-A1BA-364E-76CD4E1BF1DD}.Debug|Any CPU.Build.0 = Debug|Any CPU
		{F60B51F6-CF3D-A1BA-364E-76CD4E1BF1DD}.Release|Any CPU.ActiveCfg = Release|Any CPU
		{F60B51F6-CF3D-A1BA-364E-76CD4E1BF1DD}.Release|Any CPU.Build.0 = Release|Any CPU
	EndGlobalSection
	GlobalSection(SolutionProperties) = preSolution
		HideSolutionNode = FALSE
	EndGlobalSection
	GlobalSection(NestedProjects) = preSolution
		{2DBBA1B9-97DF-7ACE-8764-F1641E5D6FEF} = {827E0CD3-B72D-47B6-A68D-7590B98EB39B}
		{4370BF4B-C4C7-7E47-EB05-28A6EDB00426} = {827E0CD3-B72D-47B6-A68D-7590B98EB39B}
		{9601146F-4C65-CE4C-7942-DFFD24D0AB57} = {827E0CD3-B72D-47B6-A68D-7590B98EB39B}
		{ABDD3C17-4F78-AF5B-E701-35CFE61ED916} = {9601146F-4C65-CE4C-7942-DFFD24D0AB57}
		{FA4CBDAC-DE69-D590-9646-3B64AA21ED51} = {827E0CD3-B72D-47B6-A68D-7590B98EB39B}
		{C9B2B63E-B27B-540C-DB0F-2C01EF4BC38F} = {827E0CD3-B72D-47B6-A68D-7590B98EB39B}
		{CF31B8A0-4394-6096-7FCB-B74DF230B999} = {827E0CD3-B72D-47B6-A68D-7590B98EB39B}
		{1038D1FE-A8C6-3281-9A0D-4E8C36DA1560} = {827E0CD3-B72D-47B6-A68D-7590B98EB39B}
		{1B42825A-94AD-6191-6D63-B6A641A8763B} = {827E0CD3-B72D-47B6-A68D-7590B98EB39B}
		{DA31FA75-A32D-71E9-9C73-222970BA382B} = {827E0CD3-B72D-47B6-A68D-7590B98EB39B}
		{EFE8CE50-E825-DA53-D32D-51ED34AF9E2B} = {827E0CD3-B72D-47B6-A68D-7590B98EB39B}
		{7DB7756F-923B-7A56-7C87-46BF0A3D04D6} = {827E0CD3-B72D-47B6-A68D-7590B98EB39B}
		{A09893BE-6AB2-A72D-9224-E195655FA48A} = {827E0CD3-B72D-47B6-A68D-7590B98EB39B}
		{4F421792-C945-8DC5-D09D-1A8B40E2859D} = {827E0CD3-B72D-47B6-A68D-7590B98EB39B}
		{60D889BF-D4CD-521E-40FD-9AF527164792} = {827E0CD3-B72D-47B6-A68D-7590B98EB39B}
		{B3EFD8A5-B9EF-2DE5-DB12-1176DDF2843F} = {827E0CD3-B72D-47B6-A68D-7590B98EB39B}
		{74BB8DC7-9814-9867-FC24-8D8809EB9225} = {827E0CD3-B72D-47B6-A68D-7590B98EB39B}
		{B302AD56-953B-EA60-9371-15C3D8F2DD75} = {827E0CD3-B72D-47B6-A68D-7590B98EB39B}
		{BD5F250E-954F-4EB2-E1FD-6FB42FC31312} = {827E0CD3-B72D-47B6-A68D-7590B98EB39B}
		{951F378B-F609-2DD9-A394-1D1C01C8FBFB} = {827E0CD3-B72D-47B6-A68D-7590B98EB39B}
		{9CC5667C-BB84-99E8-CE8F-888D5606828F} = {827E0CD3-B72D-47B6-A68D-7590B98EB39B}
		{2448BAA1-A533-4F7E-7F77-4C25C6241CC9} = {827E0CD3-B72D-47B6-A68D-7590B98EB39B}
		{276A097E-3FA9-0CBA-5D47-B5FA8D5ACE72} = {827E0CD3-B72D-47B6-A68D-7590B98EB39B}
		{F9F8E552-D7CA-E984-8FE2-440CE2788181} = {827E0CD3-B72D-47B6-A68D-7590B98EB39B}
		{8493B5C7-284F-324E-2771-DA5F2B4ECFE9} = {827E0CD3-B72D-47B6-A68D-7590B98EB39B}
		{20B934D2-38CB-FD5A-4BB5-BE5978E2D1D4} = {827E0CD3-B72D-47B6-A68D-7590B98EB39B}
		{262F04FB-546B-F64C-6173-8BD215D7EB45} = {827E0CD3-B72D-47B6-A68D-7590B98EB39B}
		{72104988-8F60-A8A5-1966-E5E0504912A9} = {827E0CD3-B72D-47B6-A68D-7590B98EB39B}
		{3C279786-5551-7DE3-479C-C386414190BA} = {827E0CD3-B72D-47B6-A68D-7590B98EB39B}
		{18872A23-0DDA-A885-DF78-9ED93167E971} = {827E0CD3-B72D-47B6-A68D-7590B98EB39B}
		{344F9FE4-4EDE-E2FE-32A2-C176A61718E8} = {827E0CD3-B72D-47B6-A68D-7590B98EB39B}
		{2E160436-9027-1043-4C22-32EB787600D2} = {827E0CD3-B72D-47B6-A68D-7590B98EB39B}
		{57B068B9-D22E-99DA-8DD1-439C2D8A954D} = {827E0CD3-B72D-47B6-A68D-7590B98EB39B}
		{F60B51F6-CF3D-A1BA-364E-76CD4E1BF1DD} = {827E0CD3-B72D-47B6-A68D-7590B98EB39B}
	EndGlobalSection
	GlobalSection(ExtensibilityGlobals) = postSolution
		SolutionGuid = {09F784A6-18A1-4F17-9B11-3D9A1257F33C}
	EndGlobalSection
EndGlobal
